
Microsoft Visual Studio Solution File, Format Version 12.00
# Visual Studio Version 17
VisualStudioVersion = 17.9.34701.34
MinimumVisualStudioVersion = 10.0.40219.1
Project("{9A19103F-16F7-4668-BE54-9A1E7A4F7556}") = "GrpcService", "GrpcService\GrpcService.csproj", "{265387F7-C125-40D1-955D-FB09BCC3E7B3}"
EndProject
Project("{9A19103F-16F7-4668-BE54-9A1E7A4F7556}") = "ClientUploadGrpc", "ClientUploadGrpc\ClientUploadGrpc.csproj", "{DAC64103-0F43-4E80-825B-FD76C441E739}"
EndProject
Global
	GlobalSection(SolutionConfigurationPlatforms) = preSolution
		Debug|Any CPU = Debug|Any CPU
		Release|Any CPU = Release|Any CPU
	EndGlobalSection
	GlobalSection(ProjectConfigurationPlatforms) = postSolution
		{265387F7-C125-40D1-955D-FB09BCC3E7B3}.Debug|Any CPU.ActiveCfg = Debug|Any CPU
		{265387F7-C125-40D1-955D-FB09BCC3E7B3}.Debug|Any CPU.Build.0 = Debug|Any CPU
		{265387F7-C125-40D1-955D-FB09BCC3E7B3}.Release|Any CPU.ActiveCfg = Release|Any CPU
		{265387F7-C125-40D1-955D-FB09BCC3E7B3}.Release|Any CPU.Build.0 = Release|Any CPU
		{DAC64103-0F43-4E80-825B-FD76C441E739}.Debug|Any CPU.ActiveCfg = Debug|Any CPU
		{DAC64103-0F43-4E80-825B-FD76C441E739}.Debug|Any CPU.Build.0 = Debug|Any CPU
		{DAC64103-0F43-4E80-825B-FD76C441E739}.Release|Any CPU.ActiveCfg = Release|Any CPU
		{DAC64103-0F43-4E80-825B-FD76C441E739}.Release|Any CPU.Build.0 = Release|Any CPU
	EndGlobalSection
	GlobalSection(SolutionProperties) = preSolution
		HideSolutionNode = FALSE
	EndGlobalSection
	GlobalSection(ExtensibilityGlobals) = postSolution
		SolutionGuid = {5E4108CC-4BD8-4169-96E7-FD9FB0E188E8}
	EndGlobalSection
EndGlobal
